PODS:
  - awesome_notifications (0.9.3):
    - Flutter
    - IosAwnCore (~> 0.9.3)
  - device_info_plus (0.0.1):
    - Flutter
  - devicelocale (0.0.1):
    - Flutter
  - Firebase/Analytics (10.18.0):
    - Firebase/Core
  - Firebase/Core (10.18.0):
    - Firebase/CoreOnly
    - FirebaseAnalytics (~> 10.18.0)
  - Firebase/CoreOnly (10.18.0):
    - FirebaseCore (= 10.18.0)
  - Firebase/Messaging (10.18.0):
    - Firebase/CoreOnly
    - FirebaseMessaging (~> 10.18.0)
  - Firebase/Storage (10.18.0):
    - Firebase/CoreOnly
    - FirebaseStorage (~> 10.18.0)
  - firebase_analytics (10.8.0):
    - Firebase/Analytics (= 10.18.0)
    - firebase_core
    - Flutter
  - firebase_core (2.24.2):
    - Firebase/CoreOnly (= 10.18.0)
    - Flutter
  - firebase_messaging (14.7.10):
    - Firebase/Messaging (= 10.18.0)
    - firebase_core
    - Flutter
  - firebase_storage (11.6.0):
    - Firebase/Storage (= 10.18.0)
    - firebase_core
    - Flutter
  - FirebaseAnalytics (10.18.0):
    - FirebaseAnalytics/AdIdSupport (= 10.18.0)
    - FirebaseCore (~> 10.0)
    - FirebaseInstallations (~> 10.0)
    - GoogleUtilities/AppDelegateSwizzler (~> 7.11)
    - GoogleUtilities/MethodSwizzler (~> 7.11)
    - GoogleUtilities/Network (~> 7.11)
    - "GoogleUtilities/NSData+zlib (~> 7.11)"
    - nanopb (< 2.30910.0, >= 2.30908.0)
  - FirebaseAnalytics/AdIdSupport (10.18.0):
    - FirebaseCore (~> 10.0)
    - FirebaseInstallations (~> 10.0)
    - GoogleAppMeasurement (= 10.18.0)
    - GoogleUtilities/AppDelegateSwizzler (~> 7.11)
    - GoogleUtilities/MethodSwizzler (~> 7.11)
    - GoogleUtilities/Network (~> 7.11)
    - "GoogleUtilities/NSData+zlib (~> 7.11)"
    - nanopb (< 2.30910.0, >= 2.30908.0)
  - FirebaseAppCheckInterop (10.29.0)
  - FirebaseAuthInterop (10.29.0)
  - FirebaseCore (10.18.0):
    - FirebaseCoreInternal (~> 10.0)
    - GoogleUtilities/Environment (~> 7.12)
    - GoogleUtilities/Logger (~> 7.12)
  - FirebaseCoreExtension (10.29.0):
    - FirebaseCore (~> 10.0)
  - FirebaseCoreInternal (10.29.0):
    - "GoogleUtilities/NSData+zlib (~> 7.8)"
  - FirebaseInstallations (10.29.0):
    - FirebaseCore (~> 10.0)
    - GoogleUtilities/Environment (~> 7.8)
    - GoogleUtilities/UserDefaults (~> 7.8)
    - PromisesObjC (~> 2.1)
  - FirebaseMessaging (10.18.0):
    - FirebaseCore (~> 10.0)
    - FirebaseInstallations (~> 10.0)
    - GoogleDataTransport (~> 9.2)
    - GoogleUtilities/AppDelegateSwizzler (~> 7.8)
    - GoogleUtilities/Environment (~> 7.8)
    - GoogleUtilities/Reachability (~> 7.8)
    - GoogleUtilities/UserDefaults (~> 7.8)
    - nanopb (< 2.30910.0, >= 2.30908.0)
  - FirebaseStorage (10.18.0):
    - FirebaseAppCheckInterop (~> 10.0)
    - FirebaseAuthInterop (~> 10.0)
    - FirebaseCore (~> 10.0)
    - FirebaseCoreExtension (~> 10.0)
    - GTMSessionFetcher/Core (< 4.0, >= 2.1)
  - Flutter (1.0.0)
  - flutter_inappwebview_ios (0.0.1):
    - Flutter
    - flutter_inappwebview_ios/Core (= 0.0.1)
    - OrderedSet (~> 5.0)
  - flutter_inappwebview_ios/Core (0.0.1):
    - Flutter
    - OrderedSet (~> 5.0)
  - flutter_native_splash (0.0.1):
    - Flutter
  - flutter_pdfview (1.0.2):
    - Flutter
  - flutter_phone_direct_caller (0.0.1):
    - Flutter
  - GoogleAppMeasurement (10.18.0):
    - GoogleAppMeasurement/AdIdSupport (= 10.18.0)
    - GoogleUtilities/AppDelegateSwizzler (~> 7.11)
    - GoogleUtilities/MethodSwizzler (~> 7.11)
    - GoogleUtilities/Network (~> 7.11)
    - "GoogleUtilities/NSData+zlib (~> 7.11)"
    - nanopb (< 2.30910.0, >= 2.30908.0)
  - GoogleAppMeasurement/AdIdSupport (10.18.0):
    - GoogleAppMeasurement/WithoutAdIdSupport (= 10.18.0)
    - GoogleUtilities/AppDelegateSwizzler (~> 7.11)
    - GoogleUtilities/MethodSwizzler (~> 7.11)
    - GoogleUtilities/Network (~> 7.11)
    - "GoogleUtilities/NSData+zlib (~> 7.11)"
    - nanopb (< 2.30910.0, >= 2.30908.0)
  - GoogleAppMeasurement/WithoutAdIdSupport (10.18.0):
    - GoogleUtilities/AppDelegateSwizzler (~> 7.11)
    - GoogleUtilities/MethodSwizzler (~> 7.11)
    - GoogleUtilities/Network (~> 7.11)
    - "GoogleUtilities/NSData+zlib (~> 7.11)"
    - nanopb (< 2.30910.0, >= 2.30908.0)
  - GoogleDataTransport (9.4.1):
    - GoogleUtilities/Environment (~> 7.7)
    - nanopb (< 2.30911.0, >= 2.30908.0)
    - PromisesObjC (< 3.0, >= 1.2)
  - GoogleUtilities/AppDelegateSwizzler (7.13.3):
    - GoogleUtilities/Environment
    - GoogleUtilities/Logger
    - GoogleUtilities/Network
    - GoogleUtilities/Privacy
  - GoogleUtilities/Environment (7.13.3):
    - GoogleUtilities/Privacy
    - PromisesObjC (< 3.0, >= 1.2)
  - GoogleUtilities/Logger (7.13.3):
    - GoogleUtilities/Environment
    - GoogleUtilities/Privacy
  - GoogleUtilities/MethodSwizzler (7.13.3):
    - GoogleUtilities/Logger
    - GoogleUtilities/Privacy
  - GoogleUtilities/Network (7.13.3):
    - GoogleUtilities/Logger
    - "GoogleUtilities/NSData+zlib"
    - GoogleUtilities/Privacy
    - GoogleUtilities/Reachability
  - "GoogleUtilities/NSData+zlib (7.13.3)":
    - GoogleUtilities/Privacy
  - GoogleUtilities/Privacy (7.13.3)
  - GoogleUtilities/Reachability (7.13.3):
    - GoogleUtilities/Logger
    - GoogleUtilities/Privacy
  - GoogleUtilities/UserDefaults (7.13.3):
    - GoogleUtilities/Logger
    - GoogleUtilities/Privacy
  - GTMSessionFetcher/Core (3.5.0)
  - image_picker_ios (0.0.1):
    - Flutter
  - IosAwnCore (0.9.3)
  - nanopb (2.30909.1):
    - nanopb/decode (= 2.30909.1)
    - nanopb/encode (= 2.30909.1)
  - nanopb/decode (2.30909.1)
  - nanopb/encode (2.30909.1)
  - OrderedSet (5.0.0)
  - package_info_plus (0.4.5):
    - Flutter
  - path_provider_foundation (0.0.1):
    - Flutter
    - FlutterMacOS
  - PromisesObjC (2.4.0)
  - shared_preferences_foundation (0.0.1):
    - Flutter
    - FlutterMacOS
  - sqflite (0.0.3):
    - Flutter
    - FlutterMacOS
  - syncfusion_flutter_pdfviewer (0.0.1):
    - Flutter
  - url_launcher_ios (0.0.1):
    - Flutter
  - video_player_avfoundation (0.0.1):
    - Flutter
    - FlutterMacOS
  - wakelock_plus (0.0.1):
    - Flutter

DEPENDENCIES:
  - awesome_notifications (from `.symlinks/plugins/awesome_notifications/ios`)
  - device_info_plus (from `.symlinks/plugins/device_info_plus/ios`)
  - devicelocale (from `.symlinks/plugins/devicelocale/ios`)
  - firebase_analytics (from `.symlinks/plugins/firebase_analytics/ios`)
  - firebase_core (from `.symlinks/plugins/firebase_core/ios`)
  - firebase_messaging (from `.symlinks/plugins/firebase_messaging/ios`)
  - firebase_storage (from `.symlinks/plugins/firebase_storage/ios`)
  - Flutter (from `Flutter`)
  - flutter_inappwebview_ios (from `.symlinks/plugins/flutter_inappwebview_ios/ios`)
  - flutter_native_splash (from `.symlinks/plugins/flutter_native_splash/ios`)
  - flutter_pdfview (from `.symlinks/plugins/flutter_pdfview/ios`)
  - flutter_phone_direct_caller (from `.symlinks/plugins/flutter_phone_direct_caller/ios`)
  - image_picker_ios (from `.symlinks/plugins/image_picker_ios/ios`)
  - package_info_plus (from `.symlinks/plugins/package_info_plus/ios`)
  - path_provider_foundation (from `.symlinks/plugins/path_provider_foundation/darwin`)
  - shared_preferences_foundation (from `.symlinks/plugins/shared_preferences_foundation/darwin`)
  - sqflite (from `.symlinks/plugins/sqflite/darwin`)
  - syncfusion_flutter_pdfviewer (from `.symlinks/plugins/syncfusion_flutter_pdfviewer/ios`)
  - url_launcher_ios (from `.symlinks/plugins/url_launcher_ios/ios`)
  - video_player_avfoundation (from `.symlinks/plugins/video_player_avfoundation/darwin`)
  - wakelock_plus (from `.symlinks/plugins/wakelock_plus/ios`)

SPEC REPOS:
  trunk:
    - Firebase
    - FirebaseAnalytics
    - FirebaseAppCheckInterop
    - FirebaseAuthInterop
    - FirebaseCore
    - FirebaseCoreExtension
    - FirebaseCoreInternal
    - FirebaseInstallations
    - FirebaseMessaging
    - FirebaseStorage
    - GoogleAppMeasurement
    - GoogleDataTransport
    - GoogleUtilities
    - GTMSessionFetcher
    - IosAwnCore
    - nanopb
    - OrderedSet
    - PromisesObjC

EXTERNAL SOURCES:
  awesome_notifications:
    :path: ".symlinks/plugins/awesome_notifications/ios"
  device_info_plus:
    :path: ".symlinks/plugins/device_info_plus/ios"
  devicelocale:
    :path: ".symlinks/plugins/devicelocale/ios"
  firebase_analytics:
    :path: ".symlinks/plugins/firebase_analytics/ios"
  firebase_core:
    :path: ".symlinks/plugins/firebase_core/ios"
  firebase_messaging:
    :path: ".symlinks/plugins/firebase_messaging/ios"
  firebase_storage:
    :path: ".symlinks/plugins/firebase_storage/ios"
  Flutter:
    :path: Flutter
  flutter_inappwebview_ios:
    :path: ".symlinks/plugins/flutter_inappwebview_ios/ios"
  flutter_native_splash:
    :path: ".symlinks/plugins/flutter_native_splash/ios"
  flutter_pdfview:
    :path: ".symlinks/plugins/flutter_pdfview/ios"
  flutter_phone_direct_caller:
    :path: ".symlinks/plugins/flutter_phone_direct_caller/ios"
  image_picker_ios:
    :path: ".symlinks/plugins/image_picker_ios/ios"
  package_info_plus:
    :path: ".symlinks/plugins/package_info_plus/ios"
  path_provider_foundation:
    :path: ".symlinks/plugins/path_provider_foundation/darwin"
  shared_preferences_foundation:
    :path: ".symlinks/plugins/shared_preferences_foundation/darwin"
  sqflite:
    :path: ".symlinks/plugins/sqflite/darwin"
  syncfusion_flutter_pdfviewer:
    :path: ".symlinks/plugins/syncfusion_flutter_pdfviewer/ios"
  url_launcher_ios:
    :path: ".symlinks/plugins/url_launcher_ios/ios"
  video_player_avfoundation:
    :path: ".symlinks/plugins/video_player_avfoundation/darwin"
  wakelock_plus:
    :path: ".symlinks/plugins/wakelock_plus/ios"

SPEC CHECKSUMS:
  awesome_notifications: 66d28ab7174ca2823b04d275cb043e0a4a3eb9cf
  device_info_plus: 97af1d7e84681a90d0693e63169a5d50e0839a0d
  devicelocale: 35ba84dc7f45f527c3001535d8c8d104edd5d926
  Firebase: 414ad272f8d02dfbf12662a9d43f4bba9bec2a06
  firebase_analytics: b3d6dd14c61549a29abb10e9843446a4d8bb53eb
  firebase_core: 0af4a2b24f62071f9bf283691c0ee41556dcb3f5
  firebase_messaging: 90e8a6db84b6e1e876cebce4f30f01dc495e7014
  firebase_storage: 2b932fa5461f4efac36a2dcfbe240898b190b5b1
  FirebaseAnalytics: 4d310b35c48eaa4a058ddc04bdca6bdb5dc0fe80
  FirebaseAppCheckInterop: 6a1757cfd4067d8e00fccd14fcc1b8fd78cfac07
  FirebaseAuthInterop: 17db81e9b198afb0f95ce48c133825727eed55d3
  FirebaseCore: 2322423314d92f946219c8791674d2f3345b598f
  FirebaseCoreExtension: 705ca5b14bf71d2564a0ddc677df1fc86ffa600f
  FirebaseCoreInternal: df84dd300b561c27d5571684f389bf60b0a5c934
  FirebaseInstallations: 913cf60d0400ebd5d6b63a28b290372ab44590dd
  FirebaseMessaging: 9bc34a98d2e0237e1b121915120d4d48ddcf301e
  FirebaseStorage: 8333c4b183764cdd170d9539a61322b71c23adff
  Flutter: e0871f40cf51350855a761d2e70bf5af5b9b5de7
  flutter_inappwebview_ios: 97215cf7d4677db55df76782dbd2930c5e1c1ea0
  flutter_native_splash: edf599c81f74d093a4daf8e17bd7a018854bc778
  flutter_pdfview: 25f53dd6097661e6395b17de506e6060585946bd
  flutter_phone_direct_caller: bd2ffd297f371a8a6c7bfbba0196964ffe3c4358
  GoogleAppMeasurement: 70ce9aa438cff1cfb31ea3e660bcc67734cb716e
  GoogleDataTransport: 6c09b596d841063d76d4288cc2d2f42cc36e1e2a
  GoogleUtilities: ea963c370a38a8069cc5f7ba4ca849a60b6d7d15
  GTMSessionFetcher: 5aea5ba6bd522a239e236100971f10cb71b96ab6
  image_picker_ios: c560581cceedb403a6ff17f2f816d7fea1421fc1
  IosAwnCore: b8601fbb37f7b3560f31b84ebf55a72f65812e05
  nanopb: d4d75c12cd1316f4a64e3c6963f879ecd4b5e0d5
  OrderedSet: aaeb196f7fef5a9edf55d89760da9176ad40b93c
  package_info_plus: 58f0028419748fad15bf008b270aaa8e54380b1c
  path_provider_foundation: 2b6b4c569c0fb62ec74538f866245ac84301af46
  PromisesObjC: f5707f49cb48b9636751c5b2e7d227e43fba9f47
  shared_preferences_foundation: fcdcbc04712aee1108ac7fda236f363274528f78
  sqflite: 673a0e54cc04b7d6dba8d24fb8095b31c3a99eec
  syncfusion_flutter_pdfviewer: bb9998884b864cfedf72628df3503bdf57e397c0
  url_launcher_ios: 5334b05cef931de560670eeae103fd3e431ac3fe
  video_player_avfoundation: 7c6c11d8470e1675df7397027218274b6d2360b3
  wakelock_plus: 78ec7c5b202cab7761af8e2b2b3d0671be6c4ae1

PODFILE CHECKSUM: 819463e6a0290f5a72f145ba7cde16e8b6ef0796

COCOAPODS: 1.15.2
